// !$*UTF8*$!
{
	archiveVersion = 1;
	classes = {
	};
	objectVersion = 51;
	objects = {

/* Begin PBXBuildFile section */
		8EE012F124925FB800CA47FB /* InfoScreenAssembly.swift in Sources */ = {isa = PBXBuildFile; fileRef = 8EE012F024925FB800CA47FB /* InfoScreenAssembly.swift */; };
		CA7BA336248E63DA00EC168D /* AppDelegate.swift in Sources */ = {isa = PBXBuildFile; fileRef = CA7BA335248E63DA00EC168D /* AppDelegate.swift */; };
		CA7BA338248E63DA00EC168D /* SceneDelegate.swift in Sources */ = {isa = PBXBuildFile; fileRef = CA7BA337248E63DA00EC168D /* SceneDelegate.swift */; };
		CA7BA33F248E63DC00EC168D /* Assets.xcassets in Resources */ = {isa = PBXBuildFile; fileRef = CA7BA33E248E63DC00EC168D /* Assets.xcassets */; };
		CA7BA342248E63DC00EC168D /* LaunchScreen.storyboard in Resources */ = {isa = PBXBuildFile; fileRef = CA7BA340248E63DC00EC168D /* LaunchScreen.storyboard */; };
		CA7BA351248E6A0100EC168D /* ViewControllerFactory.swift in Sources */ = {isa = PBXBuildFile; fileRef = CA7BA350248E6A0100EC168D /* ViewControllerFactory.swift */; };
		CA7BA353248E6B8300EC168D /* RootViewController.swift in Sources */ = {isa = PBXBuildFile; fileRef = CA7BA352248E6B8300EC168D /* RootViewController.swift */; };
		CA7BA355248E718300EC168D /* InfoViewController.swift in Sources */ = {isa = PBXBuildFile; fileRef = CA7BA354248E718300EC168D /* InfoViewController.swift */; };
		CA7BA357248E718F00EC168D /* MapViewController.swift in Sources */ = {isa = PBXBuildFile; fileRef = CA7BA356248E718F00EC168D /* MapViewController.swift */; };
		CA7BA359248E719800EC168D /* NewsViewController.swift in Sources */ = {isa = PBXBuildFile; fileRef = CA7BA358248E719800EC168D /* NewsViewController.swift */; };
		CA7BA35D248FACAF00EC168D /* Global.swift in Sources */ = {isa = PBXBuildFile; fileRef = CA7BA35C248FACAF00EC168D /* Global.swift */; };
		CA7BA35F248FAEC000EC168D /* NetworkManagerCovid.swift in Sources */ = {isa = PBXBuildFile; fileRef = CA7BA35E248FAEC000EC168D /* NetworkManagerCovid.swift */; };
		CA7BA361248FB1D800EC168D /* Countries.swift in Sources */ = {isa = PBXBuildFile; fileRef = CA7BA360248FB1D800EC168D /* Countries.swift */; };
		CA7BA363248FB2C800EC168D /* Covid.swift in Sources */ = {isa = PBXBuildFile; fileRef = CA7BA362248FB2C800EC168D /* Covid.swift */; };
		CA7BA367248FBC4300EC168D /* CovidRepository.swift in Sources */ = {isa = PBXBuildFile; fileRef = CA7BA366248FBC4300EC168D /* CovidRepository.swift */; };
		CA7BA36A248FBFBF00EC168D /* Result+Ext.swift in Sources */ = {isa = PBXBuildFile; fileRef = CA7BA369248FBFBF00EC168D /* Result+Ext.swift */; };
		CA7BA36E248FD75C00EC168D /* GlobalViewModel.swift in Sources */ = {isa = PBXBuildFile; fileRef = CA7BA36D248FD75C00EC168D /* GlobalViewModel.swift */; };
		CA7BA3712490DF9400EC168D /* ConfigObject.swift in Sources */ = {isa = PBXBuildFile; fileRef = CA7BA3702490DF9400EC168D /* ConfigObject.swift */; };
		CA7BA3732490E13A00EC168D /* AutoLayout.swift in Sources */ = {isa = PBXBuildFile; fileRef = CA7BA3722490E13A00EC168D /* AutoLayout.swift */; };
		CA7BA3752490E81800EC168D /* GlobalInfoView.swift in Sources */ = {isa = PBXBuildFile; fileRef = CA7BA3742490E81800EC168D /* GlobalInfoView.swift */; };
		CA7BA3792491144700EC168D /* CountryCell.swift in Sources */ = {isa = PBXBuildFile; fileRef = CA7BA3782491144700EC168D /* CountryCell.swift */; };
		CA7BA37B2491174300EC168D /* UILabel+Ext.swift in Sources */ = {isa = PBXBuildFile; fileRef = CA7BA37A2491174300EC168D /* UILabel+Ext.swift */; };
		CA7BA37D2491306600EC168D /* CountryViewModel.swift in Sources */ = {isa = PBXBuildFile; fileRef = CA7BA37C2491306600EC168D /* CountryViewModel.swift */; };
		CA7BA381249131C900EC168D /* CovidViewModel.swift in Sources */ = {isa = PBXBuildFile; fileRef = CA7BA380249131C900EC168D /* CovidViewModel.swift */; };
		CA7BA3872499004E00EC168D /* UIImage+Ext.swift in Sources */ = {isa = PBXBuildFile; fileRef = CA7BA3862499004E00EC168D /* UIImage+Ext.swift */; };
		CA7BA3892499008700EC168D /* load.gif in Resources */ = {isa = PBXBuildFile; fileRef = CA7BA3882499008700EC168D /* load.gif */; };
		DA663795B00751E104CFDB53 /* Pods_MVVM_Covid19App.framework in Frameworks */ = {isa = PBXBuildFile; fileRef = EB59FCBF7F6E997582358DBB /* Pods_MVVM_Covid19App.framework */; };
/* End PBXBuildFile section */

/* Begin PBXFileReference section */
		662C2612FC22078BD152FCA2 /* Pods-MVVM-Covid19App.release.xcconfig */ = {isa = PBXFileReference; includeInIndex = 1; lastKnownFileType = text.xcconfig; name = "Pods-MVVM-Covid19App.release.xcconfig"; path = "Pods/Target Support Files/Pods-MVVM-Covid19App/Pods-MVVM-Covid19App.release.xcconfig"; sourceTree = "<group>"; };
		8EE012F024925FB800CA47FB /* InfoScreenAssembly.swift */ = {isa = PBXFileReference; lastKnownFileType = sourcecode.swift; path = InfoScreenAssembly.swift; sourceTree = "<group>"; };
		B7D64F6D18A1B76ED0450FC1 /* Pods-MVVM-Covid19App.debug.xcconfig */ = {isa = PBXFileReference; includeInIndex = 1; lastKnownFileType = text.xcconfig; name = "Pods-MVVM-Covid19App.debug.xcconfig"; path = "Pods/Target Support Files/Pods-MVVM-Covid19App/Pods-MVVM-Covid19App.debug.xcconfig"; sourceTree = "<group>"; };
		CA7BA332248E63DA00EC168D /* MVVM-Covid19App.app */ = {isa = PBXFileReference; explicitFileType = wrapper.application; includeInIndex = 0; path = "MVVM-Covid19App.app"; sourceTree = BUILT_PRODUCTS_DIR; };
		CA7BA335248E63DA00EC168D /* AppDelegate.swift */ = {isa = PBXFileReference; lastKnownFileType = sourcecode.swift; path = AppDelegate.swift; sourceTree = "<group>"; };
		CA7BA337248E63DA00EC168D /* SceneDelegate.swift */ = {isa = PBXFileReference; lastKnownFileType = sourcecode.swift; path = SceneDelegate.swift; sourceTree = "<group>"; };
		CA7BA33E248E63DC00EC168D /* Assets.xcassets */ = {isa = PBXFileReference; lastKnownFileType = folder.assetcatalog; path = Assets.xcassets; sourceTree = "<group>"; };
		CA7BA341248E63DC00EC168D /* Base */ = {isa = PBXFileReference; lastKnownFileType = file.storyboard; name = Base; path = Base.lproj/LaunchScreen.storyboard; sourceTree = "<group>"; };
		CA7BA343248E63DC00EC168D /* Info.plist */ = {isa = PBXFileReference; lastKnownFileType = text.plist.xml; path = Info.plist; sourceTree = "<group>"; };
		CA7BA350248E6A0100EC168D /* ViewControllerFactory.swift */ = {isa = PBXFileReference; lastKnownFileType = sourcecode.swift; path = ViewControllerFactory.swift; sourceTree = "<group>"; };
		CA7BA352248E6B8300EC168D /* RootViewController.swift */ = {isa = PBXFileReference; lastKnownFileType = sourcecode.swift; path = RootViewController.swift; sourceTree = "<group>"; };
		CA7BA354248E718300EC168D /* InfoViewController.swift */ = {isa = PBXFileReference; lastKnownFileType = sourcecode.swift; path = InfoViewController.swift; sourceTree = "<group>"; };
		CA7BA356248E718F00EC168D /* MapViewController.swift */ = {isa = PBXFileReference; lastKnownFileType = sourcecode.swift; path = MapViewController.swift; sourceTree = "<group>"; };
		CA7BA358248E719800EC168D /* NewsViewController.swift */ = {isa = PBXFileReference; lastKnownFileType = sourcecode.swift; path = NewsViewController.swift; sourceTree = "<group>"; };
		CA7BA35C248FACAF00EC168D /* Global.swift */ = {isa = PBXFileReference; lastKnownFileType = sourcecode.swift; path = Global.swift; sourceTree = "<group>"; };
		CA7BA35E248FAEC000EC168D /* NetworkManagerCovid.swift */ = {isa = PBXFileReference; lastKnownFileType = sourcecode.swift; path = NetworkManagerCovid.swift; sourceTree = "<group>"; };
		CA7BA360248FB1D800EC168D /* Countries.swift */ = {isa = PBXFileReference; lastKnownFileType = sourcecode.swift; path = Countries.swift; sourceTree = "<group>"; };
		CA7BA362248FB2C800EC168D /* Covid.swift */ = {isa = PBXFileReference; lastKnownFileType = sourcecode.swift; path = Covid.swift; sourceTree = "<group>"; };
		CA7BA366248FBC4300EC168D /* CovidRepository.swift */ = {isa = PBXFileReference; lastKnownFileType = sourcecode.swift; path = CovidRepository.swift; sourceTree = "<group>"; };
		CA7BA369248FBFBF00EC168D /* Result+Ext.swift */ = {isa = PBXFileReference; lastKnownFileType = sourcecode.swift; path = "Result+Ext.swift"; sourceTree = "<group>"; };
		CA7BA36D248FD75C00EC168D /* GlobalViewModel.swift */ = {isa = PBXFileReference; lastKnownFileType = sourcecode.swift; path = GlobalViewModel.swift; sourceTree = "<group>"; };
		CA7BA3702490DF9400EC168D /* ConfigObject.swift */ = {isa = PBXFileReference; lastKnownFileType = sourcecode.swift; path = ConfigObject.swift; sourceTree = "<group>"; };
		CA7BA3722490E13A00EC168D /* AutoLayout.swift */ = {isa = PBXFileReference; lastKnownFileType = sourcecode.swift; path = AutoLayout.swift; sourceTree = "<group>"; };
		CA7BA3742490E81800EC168D /* GlobalInfoView.swift */ = {isa = PBXFileReference; lastKnownFileType = sourcecode.swift; path = GlobalInfoView.swift; sourceTree = "<group>"; };
		CA7BA3782491144700EC168D /* CountryCell.swift */ = {isa = PBXFileReference; lastKnownFileType = sourcecode.swift; path = CountryCell.swift; sourceTree = "<group>"; };
		CA7BA37A2491174300EC168D /* UILabel+Ext.swift */ = {isa = PBXFileReference; lastKnownFileType = sourcecode.swift; path = "UILabel+Ext.swift"; sourceTree = "<group>"; };
		CA7BA37C2491306600EC168D /* CountryViewModel.swift */ = {isa = PBXFileReference; lastKnownFileType = sourcecode.swift; path = CountryViewModel.swift; sourceTree = "<group>"; };
		CA7BA380249131C900EC168D /* CovidViewModel.swift */ = {isa = PBXFileReference; lastKnownFileType = sourcecode.swift; path = CovidViewModel.swift; sourceTree = "<group>"; };
		CA7BA3862499004E00EC168D /* UIImage+Ext.swift */ = {isa = PBXFileReference; lastKnownFileType = sourcecode.swift; path = "UIImage+Ext.swift"; sourceTree = "<group>"; };
		CA7BA3882499008700EC168D /* load.gif */ = {isa = PBXFileReference; lastKnownFileType = image.gif; path = load.gif; sourceTree = "<group>"; };
		EB59FCBF7F6E997582358DBB /* Pods_MVVM_Covid19App.framework */ = {isa = PBXFileReference; explicitFileType = wrapper.framework; includeInIndex = 0; path = Pods_MVVM_Covid19App.framework; sourceTree = BUILT_PRODUCTS_DIR; };
/* End PBXFileReference section */

/* Begin PBXFrameworksBuildPhase section */
		CA7BA32F248E63DA00EC168D /* Frameworks */ = {
			isa = PBXFrameworksBuildPhase;
			buildActionMask = 2147483647;
			files = (
				DA663795B00751E104CFDB53 /* Pods_MVVM_Covid19App.framework in Frameworks */,
			);
			runOnlyForDeploymentPostprocessing = 0;
		};
/* End PBXFrameworksBuildPhase section */

/* Begin PBXGroup section */
		430995170B799ED76DAA2A6A /* Frameworks */ = {
			isa = PBXGroup;
			children = (
				EB59FCBF7F6E997582358DBB /* Pods_MVVM_Covid19App.framework */,
			);
			name = Frameworks;
			sourceTree = "<group>";
		};
		7CEDC64BB5D3A0845DCA0DAF /* Pods */ = {
			isa = PBXGroup;
			children = (
				B7D64F6D18A1B76ED0450FC1 /* Pods-MVVM-Covid19App.debug.xcconfig */,
				662C2612FC22078BD152FCA2 /* Pods-MVVM-Covid19App.release.xcconfig */,
			);
			name = Pods;
			sourceTree = "<group>";
		};
		8E546129249255CD00479E5B /* Scenes */ = {
			isa = PBXGroup;
			children = (
				8E54612B249257FD00479E5B /* RootScreen */,
				CA7BA34C248E662100EC168D /* InfoScreen */,
				CA7BA35B248E71CE00EC168D /* NewsScreen */,
				CA7BA35A248E71BE00EC168D /* MapScreen */,
			);
			path = Scenes;
			sourceTree = "<group>";
		};
		8E54612A249255E400479E5B /* UI */ = {
			isa = PBXGroup;
			children = (
				CA7BA354248E718300EC168D /* InfoViewController.swift */,
				CA7BA3742490E81800EC168D /* GlobalInfoView.swift */,
				CA7BA3782491144700EC168D /* CountryCell.swift */,
			);
			path = UI;
			sourceTree = "<group>";
		};
		8E54612B249257FD00479E5B /* RootScreen */ = {
			isa = PBXGroup;
			children = (
				CA7BA352248E6B8300EC168D /* RootViewController.swift */,
			);
			path = RootScreen;
			sourceTree = "<group>";
		};
		8E54612C2492580900479E5B /* DI */ = {
			isa = PBXGroup;
			children = (
				CA7BA350248E6A0100EC168D /* ViewControllerFactory.swift */,
			);
			path = DI;
			sourceTree = "<group>";
		};
		8E54612D2492581400479E5B /* App */ = {
			isa = PBXGroup;
			children = (
				CA7BA343248E63DC00EC168D /* Info.plist */,
				CA7BA340248E63DC00EC168D /* LaunchScreen.storyboard */,
				CA7BA335248E63DA00EC168D /* AppDelegate.swift */,
				CA7BA337248E63DA00EC168D /* SceneDelegate.swift */,
			);
			path = App;
			sourceTree = "<group>";
		};
		8E54612E2492583400479E5B /* Services */ = {
			isa = PBXGroup;
			children = (
				8E54612F2492584300479E5B /* Models */,
				CA7BA349248E660100EC168D /* Managers */,
				CA7BA365248FBC2000EC168D /* Repositories */,
			);
			path = Services;
			sourceTree = "<group>";
		};
		8E54612F2492584300479E5B /* Models */ = {
			isa = PBXGroup;
			children = (
			);
			path = Models;
			sourceTree = "<group>";
		};
		8E5461302492588C00479E5B /* Core */ = {
			isa = PBXGroup;
			children = (
				8E546131249258F300479E5B /* UI */,
				CA7BA368248FBFA400EC168D /* Extensions */,
			);
			path = Core;
			sourceTree = "<group>";
		};
		8E546131249258F300479E5B /* UI */ = {
			isa = PBXGroup;
			children = (
				CA7BA3702490DF9400EC168D /* ConfigObject.swift */,
				CA7BA3722490E13A00EC168D /* AutoLayout.swift */,
			);
			path = UI;
			sourceTree = "<group>";
		};
		CA7BA329248E63DA00EC168D = {
			isa = PBXGroup;
			children = (
				CA7BA334248E63DA00EC168D /* MVVM-Covid19App */,
				CA7BA333248E63DA00EC168D /* Products */,
				7CEDC64BB5D3A0845DCA0DAF /* Pods */,
				430995170B799ED76DAA2A6A /* Frameworks */,
			);
			sourceTree = "<group>";
		};
		CA7BA333248E63DA00EC168D /* Products */ = {
			isa = PBXGroup;
			children = (
				CA7BA332248E63DA00EC168D /* MVVM-Covid19App.app */,
			);
			name = Products;
			sourceTree = "<group>";
		};
		CA7BA334248E63DA00EC168D /* MVVM-Covid19App */ = {
			isa = PBXGroup;
			children = (
				8E54612D2492581400479E5B /* App */,
				8E5461302492588C00479E5B /* Core */,
				8E54612C2492580900479E5B /* DI */,
				8E54612E2492583400479E5B /* Services */,
				CA7BA34A248E660A00EC168D /* Models */,
				CA7BA34B248E661300EC168D /* ViewModel (Remove) */,
				8E546129249255CD00479E5B /* Scenes */,
				CA7BA36F2490DF6F00EC168D /* Helpers */,
				CA7BA34F248E669500EC168D /* Resourse */,
			);
			path = "MVVM-Covid19App";
			sourceTree = "<group>";
		};
		CA7BA349248E660100EC168D /* Managers */ = {
			isa = PBXGroup;
			children = (
				CA7BA35E248FAEC000EC168D /* NetworkManagerCovid.swift */,
			);
			path = Managers;
			sourceTree = "<group>";
		};
		CA7BA34A248E660A00EC168D /* Models */ = {
			isa = PBXGroup;
			children = (
				CA7BA362248FB2C800EC168D /* Covid.swift */,
				CA7BA35C248FACAF00EC168D /* Global.swift */,
				CA7BA360248FB1D800EC168D /* Countries.swift */,
			);
			path = Models;
			sourceTree = "<group>";
		};
		CA7BA34B248E661300EC168D /* ViewModel (Remove) */ = {
			isa = PBXGroup;
			children = (
				CA7BA36D248FD75C00EC168D /* GlobalViewModel.swift */,
				CA7BA37C2491306600EC168D /* CountryViewModel.swift */,
			);
			path = "ViewModel (Remove)";
			sourceTree = "<group>";
		};
		CA7BA34C248E662100EC168D /* InfoScreen */ = {
			isa = PBXGroup;
			children = (
				8E54612A249255E400479E5B /* UI */,
				CA7BA380249131C900EC168D /* CovidViewModel.swift */,
				8EE012F024925FB800CA47FB /* InfoScreenAssembly.swift */,
			);
			path = InfoScreen;
			sourceTree = "<group>";
		};
		CA7BA34F248E669500EC168D /* Resourse */ = {
			isa = PBXGroup;
			children = (
				CA7BA3882499008700EC168D /* load.gif */,
				CA7BA33E248E63DC00EC168D /* Assets.xcassets */,
			);
			path = Resourse;
			sourceTree = "<group>";
		};
		CA7BA35A248E71BE00EC168D /* MapScreen */ = {
			isa = PBXGroup;
			children = (
				CA7BA356248E718F00EC168D /* MapViewController.swift */,
			);
			path = MapScreen;
			sourceTree = "<group>";
		};
		CA7BA35B248E71CE00EC168D /* NewsScreen */ = {
			isa = PBXGroup;
			children = (
				CA7BA358248E719800EC168D /* NewsViewController.swift */,
			);
			path = NewsScreen;
			sourceTree = "<group>";
		};
		CA7BA365248FBC2000EC168D /* Repositories */ = {
			isa = PBXGroup;
			children = (
				CA7BA366248FBC4300EC168D /* CovidRepository.swift */,
			);
			path = Repositories;
			sourceTree = "<group>";
		};
		CA7BA368248FBFA400EC168D /* Extensions */ = {
			isa = PBXGroup;
			children = (
				CA7BA369248FBFBF00EC168D /* Result+Ext.swift */,
				CA7BA37A2491174300EC168D /* UILabel+Ext.swift */,
				CA7BA3862499004E00EC168D /* UIImage+Ext.swift */,
			);
			path = Extensions;
			sourceTree = "<group>";
		};
		CA7BA36F2490DF6F00EC168D /* Helpers */ = {
			isa = PBXGroup;
			children = (
			);
			path = Helpers;
			sourceTree = "<group>";
		};
/* End PBXGroup section */

/* Begin PBXNativeTarget section */
		CA7BA331248E63DA00EC168D /* MVVM-Covid19App */ = {
			isa = PBXNativeTarget;
			buildConfigurationList = CA7BA346248E63DC00EC168D /* Build configuration list for PBXNativeTarget "MVVM-Covid19App" */;
			buildPhases = (
				62B0A1C30F87837F6449183E /* [CP] Check Pods Manifest.lock */,
				CA7BA32E248E63DA00EC168D /* Sources */,
				CA7BA32F248E63DA00EC168D /* Frameworks */,
				CA7BA330248E63DA00EC168D /* Resources */,
				77AD3DA1204D1F7F1D6648E0 /* [CP] Embed Pods Frameworks */,
			);
			buildRules = (
			);
			dependencies = (
			);
			name = "MVVM-Covid19App";
			productName = "MVVM-Covid19App";
			productReference = CA7BA332248E63DA00EC168D /* MVVM-Covid19App.app */;
			productType = "com.apple.product-type.application";
		};
/* End PBXNativeTarget section */

/* Begin PBXProject section */
		CA7BA32A248E63DA00EC168D /* Project object */ = {
			isa = PBXProject;
			attributes = {
				LastSwiftUpdateCheck = 1150;
				LastUpgradeCheck = 1150;
				ORGANIZATIONNAME = "Iurii Popov";
				TargetAttributes = {
					CA7BA331248E63DA00EC168D = {
						CreatedOnToolsVersion = 11.5;
					};
				};
			};
			buildConfigurationList = CA7BA32D248E63DA00EC168D /* Build configuration list for PBXProject "MVVM-Covid19App" */;
			compatibilityVersion = "Xcode 9.3";
			developmentRegion = en;
			hasScannedForEncodings = 0;
			knownRegions = (
				en,
				Base,
			);
			mainGroup = CA7BA329248E63DA00EC168D;
			productRefGroup = CA7BA333248E63DA00EC168D /* Products */;
			projectDirPath = "";
			projectRoot = "";
			targets = (
				CA7BA331248E63DA00EC168D /* MVVM-Covid19App */,
			);
		};
/* End PBXProject section */

/* Begin PBXResourcesBuildPhase section */
		CA7BA330248E63DA00EC168D /* Resources */ = {
			isa = PBXResourcesBuildPhase;
			buildActionMask = 2147483647;
			files = (
				CA7BA342248E63DC00EC168D /* LaunchScreen.storyboard in Resources */,
				CA7BA3892499008700EC168D /* load.gif in Resources */,
				CA7BA33F248E63DC00EC168D /* Assets.xcassets in Resources */,
			);
			runOnlyForDeploymentPostprocessing = 0;
		};
/* End PBXResourcesBuildPhase section */

/* Begin PBXShellScriptBuildPhase section */
		62B0A1C30F87837F6449183E /* [CP] Check Pods Manifest.lock */ = {
			isa = PBXShellScriptBuildPhase;
			buildActionMask = 2147483647;
			files = (
			);
			inputPaths = (
				"${PODS_PODFILE_DIR_PATH}/Podfile.lock",
				"${PODS_ROOT}/Manifest.lock",
			);
			name = "[CP] Check Pods Manifest.lock";
			outputPaths = (
				"$(DERIVED_FILE_DIR)/Pods-MVVM-Covid19App-checkManifestLockResult.txt",
			);
			runOnlyForDeploymentPostprocessing = 0;
			shellPath = /bin/sh;
			shellScript = "diff \"${PODS_PODFILE_DIR_PATH}/Podfile.lock\" \"${PODS_ROOT}/Manifest.lock\" > /dev/null\nif [ $? != 0 ] ; then\n    # print error to STDERR\n    echo \"error: The sandbox is not in sync with the Podfile.lock. Run 'pod install' or update your CocoaPods installation.\" >&2\n    exit 1\nfi\n# This output is used by Xcode 'outputs' to avoid re-running this script phase.\necho \"SUCCESS\" > \"${SCRIPT_OUTPUT_FILE_0}\"\n";
			showEnvVarsInLog = 0;
		};
		77AD3DA1204D1F7F1D6648E0 /* [CP] Embed Pods Frameworks */ = {
			isa = PBXShellScriptBuildPhase;
			buildActionMask = 2147483647;
			files = (
			);
			inputFileListPaths = (
				"${PODS_ROOT}/Target Support Files/Pods-MVVM-Covid19App/Pods-MVVM-Covid19App-frameworks-${CONFIGURATION}-input-files.xcfilelist",
			);
			name = "[CP] Embed Pods Frameworks";
			outputFileListPaths = (
				"${PODS_ROOT}/Target Support Files/Pods-MVVM-Covid19App/Pods-MVVM-Covid19App-frameworks-${CONFIGURATION}-output-files.xcfilelist",
			);
			runOnlyForDeploymentPostprocessing = 0;
			shellPath = /bin/sh;
			shellScript = "\"${PODS_ROOT}/Target Support Files/Pods-MVVM-Covid19App/Pods-MVVM-Covid19App-frameworks.sh\"\n";
			showEnvVarsInLog = 0;
		};
/* End PBXShellScriptBuildPhase section */

/* Begin PBXSourcesBuildPhase section */
		CA7BA32E248E63DA00EC168D /* Sources */ = {
			isa = PBXSourcesBuildPhase;
			buildActionMask = 2147483647;
			files = (
				CA7BA36E248FD75C00EC168D /* GlobalViewModel.swift in Sources */,
				8EE012F124925FB800CA47FB /* InfoScreenAssembly.swift in Sources */,
				CA7BA381249131C900EC168D /* CovidViewModel.swift in Sources */,
				CA7BA35D248FACAF00EC168D /* Global.swift in Sources */,
				CA7BA351248E6A0100EC168D /* ViewControllerFactory.swift in Sources */,
				CA7BA3732490E13A00EC168D /* AutoLayout.swift in Sources */,
				CA7BA357248E718F00EC168D /* MapViewController.swift in Sources */,
				CA7BA336248E63DA00EC168D /* AppDelegate.swift in Sources */,
				CA7BA353248E6B8300EC168D /* RootViewController.swift in Sources */,
				CA7BA3712490DF9400EC168D /* ConfigObject.swift in Sources */,
				CA7BA37B2491174300EC168D /* UILabel+Ext.swift in Sources */,
				CA7BA367248FBC4300EC168D /* CovidRepository.swift in Sources */,
				CA7BA36A248FBFBF00EC168D /* Result+Ext.swift in Sources */,
				CA7BA359248E719800EC168D /* NewsViewController.swift in Sources */,
				CA7BA37D2491306600EC168D /* CountryViewModel.swift in Sources */,
				CA7BA3872499004E00EC168D /* UIImage+Ext.swift in Sources */,
				CA7BA3792491144700EC168D /* CountryCell.swift in Sources */,
				CA7BA35F248FAEC000EC168D /* NetworkManagerCovid.swift in Sources */,
				CA7BA338248E63DA00EC168D /* SceneDelegate.swift in Sources */,
				CA7BA363248FB2C800EC168D /* Covid.swift in Sources */,
				CA7BA361248FB1D800EC168D /* Countries.swift in Sources */,
				CA7BA3752490E81800EC168D /* GlobalInfoView.swift in Sources */,
				CA7BA355248E718300EC168D /* InfoViewController.swift in Sources */,
			);
			runOnlyForDeploymentPostprocessing = 0;
		};
/* End PBXSourcesBuildPhase section */

/* Begin PBXVariantGroup section */
		CA7BA340248E63DC00EC168D /* LaunchScreen.storyboard */ = {
			isa = PBXVariantGroup;
			children = (
				CA7BA341248E63DC00EC168D /* Base */,
			);
			name = LaunchScreen.storyboard;
			sourceTree = "<group>";
		};
/* End PBXVariantGroup section */

/* Begin XCBuildConfiguration section */
		CA7BA344248E63DC00EC168D /* Debug */ = {
			isa = XCBuildConfiguration;
			buildSettings = {
				ALWAYS_SEARCH_USER_PATHS = NO;
				CLANG_ANALYZER_NONNULL = YES;
				CLANG_ANALYZER_NUMBER_OBJECT_CONVERSION = YES_AGGRESSIVE;
				CLANG_CXX_LANGUAGE_STANDARD = "gnu++14";
				CLANG_CXX_LIBRARY = "libc++";
				CLANG_ENABLE_MODULES = YES;
				CLANG_ENABLE_OBJC_ARC = YES;
				CLANG_ENABLE_OBJC_WEAK = YES;
				CLANG_WARN_BLOCK_CAPTURE_AUTORELEASING = YES;
				CLANG_WARN_BOOL_CONVERSION = YES;
				CLANG_WARN_COMMA = YES;
				CLANG_WARN_CONSTANT_CONVERSION = YES;
				CLANG_WARN_DEPRECATED_OBJC_IMPLEMENTATIONS = YES;
				CLANG_WARN_DIRECT_OBJC_ISA_USAGE = YES_ERROR;
				CLANG_WARN_DOCUMENTATION_COMMENTS = YES;
				CLANG_WARN_EMPTY_BODY = YES;
				CLANG_WARN_ENUM_CONVERSION = YES;
				CLANG_WARN_INFINITE_RECURSION = YES;
				CLANG_WARN_INT_CONVERSION = YES;
				CLANG_WARN_NON_LITERAL_NULL_CONVERSION = YES;
				CLANG_WARN_OBJC_IMPLICIT_RETAIN_SELF = YES;
				CLANG_WARN_OBJC_LITERAL_CONVERSION = YES;
				CLANG_WARN_OBJC_ROOT_CLASS = YES_ERROR;
				CLANG_WARN_RANGE_LOOP_ANALYSIS = YES;
				CLANG_WARN_STRICT_PROTOTYPES = YES;
				CLANG_WARN_SUSPICIOUS_MOVE = YES;
				CLANG_WARN_UNGUARDED_AVAILABILITY = YES_AGGRESSIVE;
				CLANG_WARN_UNREACHABLE_CODE = YES;
				CLANG_WARN__DUPLICATE_METHOD_MATCH = YES;
				COPY_PHASE_STRIP = NO;
				DEBUG_INFORMATION_FORMAT = dwarf;
				ENABLE_STRICT_OBJC_MSGSEND = YES;
				ENABLE_TESTABILITY = YES;
				GCC_C_LANGUAGE_STANDARD = gnu11;
				GCC_DYNAMIC_NO_PIC = NO;
				GCC_NO_COMMON_BLOCKS = YES;
				GCC_OPTIMIZATION_LEVEL = 0;
				GCC_PREPROCESSOR_DEFINITIONS = (
					"DEBUG=1",
					"$(inherited)",
				);
				GCC_WARN_64_TO_32_BIT_CONVERSION = YES;
				GCC_WARN_ABOUT_RETURN_TYPE = YES_ERROR;
				GCC_WARN_UNDECLARED_SELECTOR = YES;
				GCC_WARN_UNINITIALIZED_AUTOS = YES_AGGRESSIVE;
				GCC_WARN_UNUSED_FUNCTION = YES;
				GCC_WARN_UNUSED_VARIABLE = YES;
				IPHONEOS_DEPLOYMENT_TARGET = 13.5;
				MTL_ENABLE_DEBUG_INFO = INCLUDE_SOURCE;
				MTL_FAST_MATH = YES;
				ONLY_ACTIVE_ARCH = YES;
				SDKROOT = iphoneos;
				SWIFT_ACTIVE_COMPILATION_CONDITIONS = DEBUG;
				SWIFT_OPTIMIZATION_LEVEL = "-Onone";
			};
			name = Debug;
		};
		CA7BA345248E63DC00EC168D /* Release */ = {
			isa = XCBuildConfiguration;
			buildSettings = {
				ALWAYS_SEARCH_USER_PATHS = NO;
				CLANG_ANALYZER_NONNULL = YES;
				CLANG_ANALYZER_NUMBER_OBJECT_CONVERSION = YES_AGGRESSIVE;
				CLANG_CXX_LANGUAGE_STANDARD = "gnu++14";
				CLANG_CXX_LIBRARY = "libc++";
				CLANG_ENABLE_MODULES = YES;
				CLANG_ENABLE_OBJC_ARC = YES;
				CLANG_ENABLE_OBJC_WEAK = YES;
				CLANG_WARN_BLOCK_CAPTURE_AUTORELEASING = YES;
				CLANG_WARN_BOOL_CONVERSION = YES;
				CLANG_WARN_COMMA = YES;
				CLANG_WARN_CONSTANT_CONVERSION = YES;
				CLANG_WARN_DEPRECATED_OBJC_IMPLEMENTATIONS = YES;
				CLANG_WARN_DIRECT_OBJC_ISA_USAGE = YES_ERROR;
				CLANG_WARN_DOCUMENTATION_COMMENTS = YES;
				CLANG_WARN_EMPTY_BODY = YES;
				CLANG_WARN_ENUM_CONVERSION = YES;
				CLANG_WARN_INFINITE_RECURSION = YES;
				CLANG_WARN_INT_CONVERSION = YES;
				CLANG_WARN_NON_LITERAL_NULL_CONVERSION = YES;
				CLANG_WARN_OBJC_IMPLICIT_RETAIN_SELF = YES;
				CLANG_WARN_OBJC_LITERAL_CONVERSION = YES;
				CLANG_WARN_OBJC_ROOT_CLASS = YES_ERROR;
				CLANG_WARN_RANGE_LOOP_ANALYSIS = YES;
				CLANG_WARN_STRICT_PROTOTYPES = YES;
				CLANG_WARN_SUSPICIOUS_MOVE = YES;
				CLANG_WARN_UNGUARDED_AVAILABILITY = YES_AGGRESSIVE;
				CLANG_WARN_UNREACHABLE_CODE = YES;
				CLANG_WARN__DUPLICATE_METHOD_MATCH = YES;
				COPY_PHASE_STRIP = NO;
				DEBUG_INFORMATION_FORMAT = "dwarf-with-dsym";
				ENABLE_NS_ASSERTIONS = NO;
				ENABLE_STRICT_OBJC_MSGSEND = YES;
				GCC_C_LANGUAGE_STANDARD = gnu11;
				GCC_NO_COMMON_BLOCKS = YES;
				GCC_WARN_64_TO_32_BIT_CONVERSION = YES;
				GCC_WARN_ABOUT_RETURN_TYPE = YES_ERROR;
				GCC_WARN_UNDECLARED_SELECTOR = YES;
				GCC_WARN_UNINITIALIZED_AUTOS = YES_AGGRESSIVE;
				GCC_WARN_UNUSED_FUNCTION = YES;
				GCC_WARN_UNUSED_VARIABLE = YES;
				IPHONEOS_DEPLOYMENT_TARGET = 13.5;
				MTL_ENABLE_DEBUG_INFO = NO;
				MTL_FAST_MATH = YES;
				SDKROOT = iphoneos;
				SWIFT_COMPILATION_MODE = wholemodule;
				SWIFT_OPTIMIZATION_LEVEL = "-O";
				VALIDATE_PRODUCT = YES;
			};
			name = Release;
		};
		CA7BA347248E63DC00EC168D /* Debug */ = {
			isa = XCBuildConfiguration;
			baseConfigurationReference = B7D64F6D18A1B76ED0450FC1 /* Pods-MVVM-Covid19App.debug.xcconfig */;
			buildSettings = {
				ASSETCATALOG_COMPILER_APPICON_NAME = AppIcon;
				CODE_SIGN_STYLE = Automatic;
				DEVELOPMENT_TEAM = 54SGD4HVN5;
				INFOPLIST_FILE = "$(SRCROOT)/MVVM-Covid19App/App/Info.plist";
				LD_RUNPATH_SEARCH_PATHS = (
					"$(inherited)",
					"@executable_path/Frameworks",
				);
				PRODUCT_BUNDLE_IDENTIFIER = "com.IuriiPopov.MVVM-Covid19App";
				PRODUCT_NAME = "$(TARGET_NAME)";
				SWIFT_VERSION = 5.0;
				TARGETED_DEVICE_FAMILY = 1;
			};
			name = Debug;
		};
		CA7BA348248E63DC00EC168D /* Release */ = {
			isa = XCBuildConfiguration;
			baseConfigurationReference = 662C2612FC22078BD152FCA2 /* Pods-MVVM-Covid19App.release.xcconfig */;
			buildSettings = {
				ASSETCATALOG_COMPILER_APPICON_NAME = AppIcon;
				CODE_SIGN_STYLE = Automatic;
				DEVELOPMENT_TEAM = 54SGD4HVN5;
				INFOPLIST_FILE = "$(SRCROOT)/MVVM-Covid19App/App/Info.plist";
				LD_RUNPATH_SEARCH_PATHS = (
					"$(inherited)",
					"@executable_path/Frameworks",
				);
				PRODUCT_BUNDLE_IDENTIFIER = "com.IuriiPopov.MVVM-Covid19App";
				PRODUCT_NAME = "$(TARGET_NAME)";
				SWIFT_VERSION = 5.0;
				TARGETED_DEVICE_FAMILY = 1;
			};
			name = Release;
		};
/* End XCBuildConfiguration section */

/* Begin XCConfigurationList section */
		CA7BA32D248E63DA00EC168D /* Build configuration list for PBXProject "MVVM-Covid19App" */ = {
			isa = XCConfigurationList;
			buildConfigurations = (
				CA7BA344248E63DC00EC168D /* Debug */,
				CA7BA345248E63DC00EC168D /* Release */,
			);
			defaultConfigurationIsVisible = 0;
			defaultConfigurationName = Release;
		};
		CA7BA346248E63DC00EC168D /* Build configuration list for PBXNativeTarget "MVVM-Covid19App" */ = {
			isa = XCConfigurationList;
			buildConfigurations = (
				CA7BA347248E63DC00EC168D /* Debug */,
				CA7BA348248E63DC00EC168D /* Release */,
			);
			defaultConfigurationIsVisible = 0;
			defaultConfigurationName = Release;
		};
/* End XCConfigurationList section */
	};
	rootObject = CA7BA32A248E63DA00EC168D /* Project object */;
}
